
Microsoft Visual Studio Solution File, Format Version 12.00
# Visual Studio 2012
Project("{FAE04EC0-301F-11D3-BF4B-00C04F79EFBC}") = "CardGame", "CardGame\CardGame.csproj", "{393B7926-6E2C-4CA7-A3E7-46076EE4DC70}"
EndProject
Global
	GlobalSection(SolutionConfigurationPlatforms) = preSolution
		Debug|Any CPU = Debug|Any CPU
		Release|Any CPU = Release|Any CPU
	EndGlobalSection
	GlobalSection(ProjectConfigurationPlatforms) = postSolution
		{393B7926-6E2C-4CA7-A3E7-46076EE4DC70}.Debug|Any CPU.ActiveCfg = Debug|Any CPU
		{393B7926-6E2C-4CA7-A3E7-46076EE4DC70}.Debug|Any CPU.Build.0 = Debug|Any CPU
		{393B7926-6E2C-4CA7-A3E7-46076EE4DC70}.Release|Any CPU.ActiveCfg = Release|Any CPU
		{393B7926-6E2C-4CA7-A3E7-46076EE4DC70}.Release|Any CPU.Build.0 = Release|Any CPU
	EndGlobalSection
	GlobalSection(SolutionProperties) = preSolution
		HideSolutionNode = FALSE
	EndGlobalSection
EndGlobal
